<?xml version="1.0" encoding="UTF-8" standalone="yes" ?>
<CodeBlocks_project_file>
	<FileVersion major="1" minor="6" />
	<Project>
		<Option title="Project" />
		<Option pch_mode="2" />
		<Option compiler="gcc" />
		<Build>
			<Target title="Debug">
				<Option output="bin/Debug/Project" prefix_auto="1" extension_auto="1" />
				<Option object_output="obj/Debug/" />
				<Option type="1" />
				<Option compiler="gcc" />
				<Compiler>
					<Add option="-g" />
					<Add directory="include" />
				</Compiler>
			</Target>
			<Target title="Release">
				<Option output="bin/Release/Project" prefix_auto="1" extension_auto="1" />
				<Option object_output="obj/Release/" />
				<Option type="1" />
				<Option compiler="gcc" />
				<Compiler>
					<Add option="-O2" />
					<Add directory="include" />
				</Compiler>
				<Linker>
					<Add option="-s" />
				</Linker>
			</Target>
		</Build>
		<Compiler>
			<Add option="-Wall" />
		</Compiler>
		<Unit filename="../include/Communcation.h" />
		<Unit filename="../include/Dispatcher.h" />
		<Unit filename="../src/Communcation.cpp" />
		<Unit filename="../src/Data.cpp" />
		<Unit filename="../src/Data.h" />
		<Unit filename="../src/Dispatcher.cpp" />
		<Unit filename="../src/ImageData.h" />
		<Unit filename="../src/ImageToString.cpp" />
		<Unit filename="../src/Message.cpp" />
		<Unit filename="../src/Message.h" />
		<Unit filename="../src/UDPSocket.cpp" />
		<Unit filename="../src/UDPSocket.h" />
		<Unit filename="../src/UnitTest/Communications_UT.cpp" />
		<Unit filename="../src/UnitTest/Message_UT.cpp">
			<Option compile="0" />
			<Option link="0" />
		</Unit>
		<Unit filename="../src/UnitTest/client.cpp">
			<Option compile="0" />
			<Option link="0" />
		</Unit>
		<Unit filename="../src/UnitTest/server.cpp">
			<Option compile="0" />
			<Option link="0" />
		</Unit>
		<Unit filename="../src/base64.cpp" />
		<Unit filename="../src/base64.h" />
		<Unit filename="../src/service.h" />
		<Extensions>
			<code_completion />
			<debugger />
		</Extensions>
	</Project>
</CodeBlocks_project_file>
